
Microsoft Visual Studio Solution File, Format Version 12.00
# Visual Studio Version 16
VisualStudioVersion = 16.0.31410.357
MinimumVisualStudioVersion = 10.0.40219.1
Project("{2150E333-8FDC-42A3-9474-1A3956D46DE8}") = "Core", "Core", "{AC853470-B2D9-4833-9292-B462FB3759A3}"
EndProject
Project("{9A19103F-16F7-4668-BE54-9A1E7A4F7556}") = "Sumaj.Task.Management.Domain", "Sumaj.Task.Management.Domain\Sumaj.Task.Management.Domain.csproj", "{A89ABFBB-D31B-4FC4-A99E-4D845871FE99}"
EndProject
Project("{2150E333-8FDC-42A3-9474-1A3956D46DE8}") = "Infrastructure", "Infrastructure", "{B103D5C7-AC4E-4DC0-B87C-7F1DD04BA388}"
EndProject
Project("{9A19103F-16F7-4668-BE54-9A1E7A4F7556}") = "Sumaj.Task.Management.Persistence", "Sumaj.Task.Management.Persistence\Sumaj.Task.Management.Persistence.csproj", "{5C31869E-F00D-4EE7-957F-CD174763FF83}"
EndProject
Project("{FAE04EC0-301F-11D3-BF4B-00C04F79EFBC}") = "Sumaj.Task.Management.Application", "Sumaj.Task.Management.Application\Sumaj.Task.Management.Application.csproj", "{86F204D1-2035-497F-AE8D-0E94D612BF56}"
EndProject
Project("{2150E333-8FDC-42A3-9474-1A3956D46DE8}") = "API", "API", "{A32B59F2-6A7A-48F4-BAB9-DC14A18F3CD8}"
EndProject
Project("{FAE04EC0-301F-11D3-BF4B-00C04F79EFBC}") = "Sumaj.TaskManagement.Api", "Sumaj.TaskManagement.Api\Sumaj.TaskManagement.Api.csproj", "{F8B570F0-2D5E-49BA-A31E-52DACCF2E1B3}"
EndProject
Global
	GlobalSection(SolutionConfigurationPlatforms) = preSolution
		Debug|Any CPU = Debug|Any CPU
		Release|Any CPU = Release|Any CPU
	EndGlobalSection
	GlobalSection(ProjectConfigurationPlatforms) = postSolution
		{A89ABFBB-D31B-4FC4-A99E-4D845871FE99}.Debug|Any CPU.ActiveCfg = Debug|Any CPU
		{A89ABFBB-D31B-4FC4-A99E-4D845871FE99}.Debug|Any CPU.Build.0 = Debug|Any CPU
		{A89ABFBB-D31B-4FC4-A99E-4D845871FE99}.Release|Any CPU.ActiveCfg = Release|Any CPU
		{A89ABFBB-D31B-4FC4-A99E-4D845871FE99}.Release|Any CPU.Build.0 = Release|Any CPU
		{5C31869E-F00D-4EE7-957F-CD174763FF83}.Debug|Any CPU.ActiveCfg = Debug|Any CPU
		{5C31869E-F00D-4EE7-957F-CD174763FF83}.Debug|Any CPU.Build.0 = Debug|Any CPU
		{5C31869E-F00D-4EE7-957F-CD174763FF83}.Release|Any CPU.ActiveCfg = Release|Any CPU
		{5C31869E-F00D-4EE7-957F-CD174763FF83}.Release|Any CPU.Build.0 = Release|Any CPU
		{86F204D1-2035-497F-AE8D-0E94D612BF56}.Debug|Any CPU.ActiveCfg = Debug|Any CPU
		{86F204D1-2035-497F-AE8D-0E94D612BF56}.Debug|Any CPU.Build.0 = Debug|Any CPU
		{86F204D1-2035-497F-AE8D-0E94D612BF56}.Release|Any CPU.ActiveCfg = Release|Any CPU
		{86F204D1-2035-497F-AE8D-0E94D612BF56}.Release|Any CPU.Build.0 = Release|Any CPU
		{F8B570F0-2D5E-49BA-A31E-52DACCF2E1B3}.Debug|Any CPU.ActiveCfg = Debug|Any CPU
		{F8B570F0-2D5E-49BA-A31E-52DACCF2E1B3}.Debug|Any CPU.Build.0 = Debug|Any CPU
		{F8B570F0-2D5E-49BA-A31E-52DACCF2E1B3}.Release|Any CPU.ActiveCfg = Release|Any CPU
		{F8B570F0-2D5E-49BA-A31E-52DACCF2E1B3}.Release|Any CPU.Build.0 = Release|Any CPU
	EndGlobalSection
	GlobalSection(SolutionProperties) = preSolution
		HideSolutionNode = FALSE
	EndGlobalSection
	GlobalSection(NestedProjects) = preSolution
		{A89ABFBB-D31B-4FC4-A99E-4D845871FE99} = {AC853470-B2D9-4833-9292-B462FB3759A3}
		{5C31869E-F00D-4EE7-957F-CD174763FF83} = {B103D5C7-AC4E-4DC0-B87C-7F1DD04BA388}
		{86F204D1-2035-497F-AE8D-0E94D612BF56} = {AC853470-B2D9-4833-9292-B462FB3759A3}
		{F8B570F0-2D5E-49BA-A31E-52DACCF2E1B3} = {A32B59F2-6A7A-48F4-BAB9-DC14A18F3CD8}
	EndGlobalSection
	GlobalSection(ExtensibilityGlobals) = postSolution
		SolutionGuid = {57B8785F-E351-4B2F-8232-33EE4D56111A}
	EndGlobalSection
EndGlobal
