
Microsoft Visual Studio Solution File, Format Version 12.00
# Visual Studio Version 16
VisualStudioVersion = 16.0.31410.357
MinimumVisualStudioVersion = 10.0.40219.1
Project("{2150E333-8FDC-42A3-9474-1A3956D46DE8}") = "Core", "Core", "{AC853470-B2D9-4833-9292-B462FB3759A3}"
EndProject
Project("{FAE04EC0-301F-11D3-BF4B-00C04F79EFBC}") = "Sumaj.Task.Management.Domain", "Sumaj.Task.Management.Domain\Sumaj.Task.Management.Domain.csproj", "{A89ABFBB-D31B-4FC4-A99E-4D845871FE99}"
EndProject
Global
	GlobalSection(SolutionConfigurationPlatforms) = preSolution
		Debug|Any CPU = Debug|Any CPU
		Release|Any CPU = Release|Any CPU
	EndGlobalSection
	GlobalSection(ProjectConfigurationPlatforms) = postSolution
		{A89ABFBB-D31B-4FC4-A99E-4D845871FE99}.Debug|Any CPU.ActiveCfg = Debug|Any CPU
		{A89ABFBB-D31B-4FC4-A99E-4D845871FE99}.Debug|Any CPU.Build.0 = Debug|Any CPU
		{A89ABFBB-D31B-4FC4-A99E-4D845871FE99}.Release|Any CPU.ActiveCfg = Release|Any CPU
		{A89ABFBB-D31B-4FC4-A99E-4D845871FE99}.Release|Any CPU.Build.0 = Release|Any CPU
	EndGlobalSection
	GlobalSection(SolutionProperties) = preSolution
		HideSolutionNode = FALSE
	EndGlobalSection
	GlobalSection(NestedProjects) = preSolution
		{A89ABFBB-D31B-4FC4-A99E-4D845871FE99} = {AC853470-B2D9-4833-9292-B462FB3759A3}
	EndGlobalSection
	GlobalSection(ExtensibilityGlobals) = postSolution
		SolutionGuid = {57B8785F-E351-4B2F-8232-33EE4D56111A}
	EndGlobalSection
EndGlobal
